
Microsoft Visual Studio Solution File, Format Version 12.00
MinimumVisualStudioVersion = 10.0.40219.1
Project("{D954291E-2A0B-460D-934E-DC6B0785DB48}") = "Net_App_Support_Cross", "ShareProj\Net_App_Support_Cross.shproj", "{22F76E5B-C8CD-40C4-8D0B-1AAB2EED0C19}"
EndProject
Project("{9A19103F-16F7-4668-BE54-9A1E7A4F7556}") = "OrmDBPlatform.NETStandard2.0", "OrmDBPlatform.NETStandard\OrmDBPlatform.NETStandard2.0.csproj", "{4EAE66B3-4506-45A3-AAE7-2DA2A969CBCF}"
EndProject
Project("{9A19103F-16F7-4668-BE54-9A1E7A4F7556}") = "OrmDBPlatform.Core_2.0", "OrmDBPlatform.Core_2.0\OrmDBPlatform.Core_2.0.csproj", "{A7F1F538-A3CE-4280-96A9-FB48DB7076E6}"
EndProject
Project("{FAE04EC0-301F-11D3-BF4B-00C04F79EFBC}") = "OrmDBPlatform.NETFramework4.0", "OrmDBPlatform.NETFramework4.0\OrmDBPlatform.NETFramework4.0.csproj", "{4A90CAF6-E217-4C23-B7BD-970277BB680F}"
EndProject
Project("{FAE04EC0-301F-11D3-BF4B-00C04F79EFBC}") = "OrmDBPlatform.NETFramework2.0", "OrmDBPlatform.NETFramework2.0\OrmDBPlatform.NETFramework2.0.csproj", "{BBB5BCAD-7AAE-47CA-9E52-0DC79E0C732F}"
EndProject
Project("{2150E333-8FDC-42A3-9474-1A3956D46DE8}") = "xamarin samples", "xamarin samples", "{5458FF11-3073-43A8-B4E9-7CE26C5EAF39}"
EndProject
Project("{9A19103F-16F7-4668-BE54-9A1E7A4F7556}") = "MyApp", "Xamarin_Sample\MyApp\MyApp.csproj", "{18187E64-868D-4153-9920-8BC52468643B}"
EndProject
Project("{FAE04EC0-301F-11D3-BF4B-00C04F79EFBC}") = "MyApp.Android", "Xamarin_Sample\MyApp.Android\MyApp.Android.csproj", "{A7393FBE-2BE9-445A-BA6D-9DEC70C4E120}"
EndProject
Project("{FAE04EC0-301F-11D3-BF4B-00C04F79EFBC}") = "MyApp.iOS", "Xamarin_Sample\MyApp.iOS\MyApp.iOS.csproj", "{D6D21BD2-4EE4-4211-B3F2-D4AAC0161FF9}"
EndProject
Global
	GlobalSection(SharedMSBuildProjectFiles) = preSolution
		ShareProj\Net_App_Support_Cross.projitems*{22f76e5b-c8cd-40c4-8d0b-1aab2eed0c19}*SharedItemsImports = 13
		ShareProj\Net_App_Support_Cross.projitems*{4a90caf6-e217-4c23-b7bd-970277bb680f}*SharedItemsImports = 4
		ShareProj\Net_App_Support_Cross.projitems*{bbb5bcad-7aae-47ca-9e52-0dc79e0c732f}*SharedItemsImports = 4
	EndGlobalSection
	GlobalSection(SolutionConfigurationPlatforms) = preSolution
		Debug|Any CPU = Debug|Any CPU
		Debug|iPhone = Debug|iPhone
		Debug|iPhoneSimulator = Debug|iPhoneSimulator
		Release|Any CPU = Release|Any CPU
		Release|iPhone = Release|iPhone
		Release|iPhoneSimulator = Release|iPhoneSimulator
	EndGlobalSection
	GlobalSection(ProjectConfigurationPlatforms) = postSolution
		{4EAE66B3-4506-45A3-AAE7-2DA2A969CBCF}.Debug|Any CPU.ActiveCfg = Debug|Any CPU
		{4EAE66B3-4506-45A3-AAE7-2DA2A969CBCF}.Debug|Any CPU.Build.0 = Debug|Any CPU
		{4EAE66B3-4506-45A3-AAE7-2DA2A969CBCF}.Debug|iPhone.ActiveCfg = Debug|Any CPU
		{4EAE66B3-4506-45A3-AAE7-2DA2A969CBCF}.Debug|iPhone.Build.0 = Debug|Any CPU
		{4EAE66B3-4506-45A3-AAE7-2DA2A969CBCF}.Debug|iPhoneSimulator.ActiveCfg = Debug|Any CPU
		{4EAE66B3-4506-45A3-AAE7-2DA2A969CBCF}.Debug|iPhoneSimulator.Build.0 = Debug|Any CPU
		{4EAE66B3-4506-45A3-AAE7-2DA2A969CBCF}.Release|Any CPU.ActiveCfg = Release|Any CPU
		{4EAE66B3-4506-45A3-AAE7-2DA2A969CBCF}.Release|Any CPU.Build.0 = Release|Any CPU
		{4EAE66B3-4506-45A3-AAE7-2DA2A969CBCF}.Release|iPhone.ActiveCfg = Release|Any CPU
		{4EAE66B3-4506-45A3-AAE7-2DA2A969CBCF}.Release|iPhone.Build.0 = Release|Any CPU
		{4EAE66B3-4506-45A3-AAE7-2DA2A969CBCF}.Release|iPhoneSimulator.ActiveCfg = Release|Any CPU
		{4EAE66B3-4506-45A3-AAE7-2DA2A969CBCF}.Release|iPhoneSimulator.Build.0 = Release|Any CPU
		{A7F1F538-A3CE-4280-96A9-FB48DB7076E6}.Debug|Any CPU.ActiveCfg = Debug|Any CPU
		{A7F1F538-A3CE-4280-96A9-FB48DB7076E6}.Debug|Any CPU.Build.0 = Debug|Any CPU
		{A7F1F538-A3CE-4280-96A9-FB48DB7076E6}.Debug|iPhone.ActiveCfg = Debug|Any CPU
		{A7F1F538-A3CE-4280-96A9-FB48DB7076E6}.Debug|iPhone.Build.0 = Debug|Any CPU
		{A7F1F538-A3CE-4280-96A9-FB48DB7076E6}.Debug|iPhoneSimulator.ActiveCfg = Debug|Any CPU
		{A7F1F538-A3CE-4280-96A9-FB48DB7076E6}.Debug|iPhoneSimulator.Build.0 = Debug|Any CPU
		{A7F1F538-A3CE-4280-96A9-FB48DB7076E6}.Release|Any CPU.ActiveCfg = Release|Any CPU
		{A7F1F538-A3CE-4280-96A9-FB48DB7076E6}.Release|Any CPU.Build.0 = Release|Any CPU
		{A7F1F538-A3CE-4280-96A9-FB48DB7076E6}.Release|iPhone.ActiveCfg = Release|Any CPU
		{A7F1F538-A3CE-4280-96A9-FB48DB7076E6}.Release|iPhone.Build.0 = Release|Any CPU
		{A7F1F538-A3CE-4280-96A9-FB48DB7076E6}.Release|iPhoneSimulator.ActiveCfg = Release|Any CPU
		{A7F1F538-A3CE-4280-96A9-FB48DB7076E6}.Release|iPhoneSimulator.Build.0 = Release|Any CPU
		{4A90CAF6-E217-4C23-B7BD-970277BB680F}.Debug|Any CPU.ActiveCfg = Debug|Any CPU
		{4A90CAF6-E217-4C23-B7BD-970277BB680F}.Debug|Any CPU.Build.0 = Debug|Any CPU
		{4A90CAF6-E217-4C23-B7BD-970277BB680F}.Debug|iPhone.ActiveCfg = Debug|Any CPU
		{4A90CAF6-E217-4C23-B7BD-970277BB680F}.Debug|iPhone.Build.0 = Debug|Any CPU
		{4A90CAF6-E217-4C23-B7BD-970277BB680F}.Debug|iPhoneSimulator.ActiveCfg = Debug|Any CPU
		{4A90CAF6-E217-4C23-B7BD-970277BB680F}.Debug|iPhoneSimulator.Build.0 = Debug|Any CPU
		{4A90CAF6-E217-4C23-B7BD-970277BB680F}.Release|Any CPU.ActiveCfg = Release|Any CPU
		{4A90CAF6-E217-4C23-B7BD-970277BB680F}.Release|Any CPU.Build.0 = Release|Any CPU
		{4A90CAF6-E217-4C23-B7BD-970277BB680F}.Release|iPhone.ActiveCfg = Release|Any CPU
		{4A90CAF6-E217-4C23-B7BD-970277BB680F}.Release|iPhone.Build.0 = Release|Any CPU
		{4A90CAF6-E217-4C23-B7BD-970277BB680F}.Release|iPhoneSimulator.ActiveCfg = Release|Any CPU
		{4A90CAF6-E217-4C23-B7BD-970277BB680F}.Release|iPhoneSimulator.Build.0 = Release|Any CPU
		{BBB5BCAD-7AAE-47CA-9E52-0DC79E0C732F}.Debug|Any CPU.ActiveCfg = Debug|Any CPU
		{BBB5BCAD-7AAE-47CA-9E52-0DC79E0C732F}.Debug|Any CPU.Build.0 = Debug|Any CPU
		{BBB5BCAD-7AAE-47CA-9E52-0DC79E0C732F}.Debug|iPhone.ActiveCfg = Debug|Any CPU
		{BBB5BCAD-7AAE-47CA-9E52-0DC79E0C732F}.Debug|iPhone.Build.0 = Debug|Any CPU
		{BBB5BCAD-7AAE-47CA-9E52-0DC79E0C732F}.Debug|iPhoneSimulator.ActiveCfg = Debug|Any CPU
		{BBB5BCAD-7AAE-47CA-9E52-0DC79E0C732F}.Debug|iPhoneSimulator.Build.0 = Debug|Any CPU
		{BBB5BCAD-7AAE-47CA-9E52-0DC79E0C732F}.Release|Any CPU.ActiveCfg = Release|Any CPU
		{BBB5BCAD-7AAE-47CA-9E52-0DC79E0C732F}.Release|Any CPU.Build.0 = Release|Any CPU
		{BBB5BCAD-7AAE-47CA-9E52-0DC79E0C732F}.Release|iPhone.ActiveCfg = Release|Any CPU
		{BBB5BCAD-7AAE-47CA-9E52-0DC79E0C732F}.Release|iPhone.Build.0 = Release|Any CPU
		{BBB5BCAD-7AAE-47CA-9E52-0DC79E0C732F}.Release|iPhoneSimulator.ActiveCfg = Release|Any CPU
		{BBB5BCAD-7AAE-47CA-9E52-0DC79E0C732F}.Release|iPhoneSimulator.Build.0 = Release|Any CPU
		{18187E64-868D-4153-9920-8BC52468643B}.Debug|Any CPU.ActiveCfg = Debug|Any CPU
		{18187E64-868D-4153-9920-8BC52468643B}.Debug|Any CPU.Build.0 = Debug|Any CPU
		{18187E64-868D-4153-9920-8BC52468643B}.Debug|iPhone.ActiveCfg = Debug|Any CPU
		{18187E64-868D-4153-9920-8BC52468643B}.Debug|iPhone.Build.0 = Debug|Any CPU
		{18187E64-868D-4153-9920-8BC52468643B}.Debug|iPhoneSimulator.ActiveCfg = Debug|Any CPU
		{18187E64-868D-4153-9920-8BC52468643B}.Debug|iPhoneSimulator.Build.0 = Debug|Any CPU
		{18187E64-868D-4153-9920-8BC52468643B}.Release|Any CPU.ActiveCfg = Release|Any CPU
		{18187E64-868D-4153-9920-8BC52468643B}.Release|Any CPU.Build.0 = Release|Any CPU
		{18187E64-868D-4153-9920-8BC52468643B}.Release|iPhone.ActiveCfg = Release|Any CPU
		{18187E64-868D-4153-9920-8BC52468643B}.Release|iPhone.Build.0 = Release|Any CPU
		{18187E64-868D-4153-9920-8BC52468643B}.Release|iPhoneSimulator.ActiveCfg = Release|Any CPU
		{18187E64-868D-4153-9920-8BC52468643B}.Release|iPhoneSimulator.Build.0 = Release|Any CPU
		{A7393FBE-2BE9-445A-BA6D-9DEC70C4E120}.Debug|Any CPU.ActiveCfg = Debug|Any CPU
		{A7393FBE-2BE9-445A-BA6D-9DEC70C4E120}.Debug|Any CPU.Build.0 = Debug|Any CPU
		{A7393FBE-2BE9-445A-BA6D-9DEC70C4E120}.Debug|Any CPU.Deploy.0 = Debug|Any CPU
		{A7393FBE-2BE9-445A-BA6D-9DEC70C4E120}.Debug|iPhone.ActiveCfg = Debug|Any CPU
		{A7393FBE-2BE9-445A-BA6D-9DEC70C4E120}.Debug|iPhone.Build.0 = Debug|Any CPU
		{A7393FBE-2BE9-445A-BA6D-9DEC70C4E120}.Debug|iPhone.Deploy.0 = Debug|Any CPU
		{A7393FBE-2BE9-445A-BA6D-9DEC70C4E120}.Debug|iPhoneSimulator.ActiveCfg = Debug|Any CPU
		{A7393FBE-2BE9-445A-BA6D-9DEC70C4E120}.Debug|iPhoneSimulator.Build.0 = Debug|Any CPU
		{A7393FBE-2BE9-445A-BA6D-9DEC70C4E120}.Debug|iPhoneSimulator.Deploy.0 = Debug|Any CPU
		{A7393FBE-2BE9-445A-BA6D-9DEC70C4E120}.Release|Any CPU.ActiveCfg = Release|Any CPU
		{A7393FBE-2BE9-445A-BA6D-9DEC70C4E120}.Release|Any CPU.Build.0 = Release|Any CPU
		{A7393FBE-2BE9-445A-BA6D-9DEC70C4E120}.Release|Any CPU.Deploy.0 = Release|Any CPU
		{A7393FBE-2BE9-445A-BA6D-9DEC70C4E120}.Release|iPhone.ActiveCfg = Release|Any CPU
		{A7393FBE-2BE9-445A-BA6D-9DEC70C4E120}.Release|iPhone.Build.0 = Release|Any CPU
		{A7393FBE-2BE9-445A-BA6D-9DEC70C4E120}.Release|iPhone.Deploy.0 = Release|Any CPU
		{A7393FBE-2BE9-445A-BA6D-9DEC70C4E120}.Release|iPhoneSimulator.ActiveCfg = Release|Any CPU
		{A7393FBE-2BE9-445A-BA6D-9DEC70C4E120}.Release|iPhoneSimulator.Build.0 = Release|Any CPU
		{A7393FBE-2BE9-445A-BA6D-9DEC70C4E120}.Release|iPhoneSimulator.Deploy.0 = Release|Any CPU
		{D6D21BD2-4EE4-4211-B3F2-D4AAC0161FF9}.Debug|Any CPU.ActiveCfg = Debug|iPhone
		{D6D21BD2-4EE4-4211-B3F2-D4AAC0161FF9}.Debug|iPhone.ActiveCfg = Debug|iPhone
		{D6D21BD2-4EE4-4211-B3F2-D4AAC0161FF9}.Debug|iPhone.Build.0 = Debug|iPhone
		{D6D21BD2-4EE4-4211-B3F2-D4AAC0161FF9}.Debug|iPhoneSimulator.ActiveCfg = Debug|iPhoneSimulator
		{D6D21BD2-4EE4-4211-B3F2-D4AAC0161FF9}.Debug|iPhoneSimulator.Build.0 = Debug|iPhoneSimulator
		{D6D21BD2-4EE4-4211-B3F2-D4AAC0161FF9}.Release|Any CPU.ActiveCfg = Release|iPhone
		{D6D21BD2-4EE4-4211-B3F2-D4AAC0161FF9}.Release|iPhone.ActiveCfg = Release|iPhone
		{D6D21BD2-4EE4-4211-B3F2-D4AAC0161FF9}.Release|iPhone.Build.0 = Release|iPhone
		{D6D21BD2-4EE4-4211-B3F2-D4AAC0161FF9}.Release|iPhoneSimulator.ActiveCfg = Release|iPhoneSimulator
		{D6D21BD2-4EE4-4211-B3F2-D4AAC0161FF9}.Release|iPhoneSimulator.Build.0 = Release|iPhoneSimulator
	EndGlobalSection
	GlobalSection(SolutionProperties) = preSolution
		HideSolutionNode = FALSE
	EndGlobalSection
	GlobalSection(NestedProjects) = preSolution
		{18187E64-868D-4153-9920-8BC52468643B} = {5458FF11-3073-43A8-B4E9-7CE26C5EAF39}
		{A7393FBE-2BE9-445A-BA6D-9DEC70C4E120} = {5458FF11-3073-43A8-B4E9-7CE26C5EAF39}
		{D6D21BD2-4EE4-4211-B3F2-D4AAC0161FF9} = {5458FF11-3073-43A8-B4E9-7CE26C5EAF39}
	EndGlobalSection
	GlobalSection(ExtensibilityGlobals) = postSolution
		SolutionGuid = {1891B58B-C314-4D48-86AC-13C8E4ECECDA}
	EndGlobalSection
EndGlobal
